
Microsoft Visual Studio Solution File, Format Version 12.00
# Visual Studio 15
VisualStudioVersion = 15.0.28307.705
MinimumVisualStudioVersion = 10.0.40219.1
Project("{9A19103F-16F7-4668-BE54-9A1E7A4F7556}") = "UploadToS3Lambda", "UploadToS3Lambda\UploadToS3Lambda.csproj", "{9528D235-EF07-44FD-8A2D-45322688C02A}"
EndProject
Global
	GlobalSection(SolutionConfigurationPlatforms) = preSolution
		Debug|Any CPU = Debug|Any CPU
		Release|Any CPU = Release|Any CPU
	EndGlobalSection
	GlobalSection(ProjectConfigurationPlatforms) = postSolution
		{9528D235-EF07-44FD-8A2D-45322688C02A}.Debug|Any CPU.ActiveCfg = Debug|Any CPU
		{9528D235-EF07-44FD-8A2D-45322688C02A}.Debug|Any CPU.Build.0 = Debug|Any CPU
		{9528D235-EF07-44FD-8A2D-45322688C02A}.Release|Any CPU.ActiveCfg = Release|Any CPU
		{9528D235-EF07-44FD-8A2D-45322688C02A}.Release|Any CPU.Build.0 = Release|Any CPU
	EndGlobalSection
	GlobalSection(SolutionProperties) = preSolution
		HideSolutionNode = FALSE
	EndGlobalSection
	GlobalSection(ExtensibilityGlobals) = postSolution
		SolutionGuid = {FFCC0DEE-8F2F-49AA-8225-B364A3E5DFA7}
	EndGlobalSection
EndGlobal
