
Microsoft Visual Studio Solution File, Format Version 12.00
# Visual Studio 15
VisualStudioVersion = 15.0.28307.705
MinimumVisualStudioVersion = 10.0.40219.1
Project("{9A19103F-16F7-4668-BE54-9A1E7A4F7556}") = "BlazegraphToS3Lambda", "BlazegraphToS3Lambda\BlazegraphToS3Lambda.csproj", "{D15F9A00-6897-4327-95DE-1B3D406D43EB}"
EndProject
Global
	GlobalSection(SolutionConfigurationPlatforms) = preSolution
		Debug|Any CPU = Debug|Any CPU
		Release|Any CPU = Release|Any CPU
	EndGlobalSection
	GlobalSection(ProjectConfigurationPlatforms) = postSolution
		{D15F9A00-6897-4327-95DE-1B3D406D43EB}.Debug|Any CPU.ActiveCfg = Debug|Any CPU
		{D15F9A00-6897-4327-95DE-1B3D406D43EB}.Debug|Any CPU.Build.0 = Debug|Any CPU
		{D15F9A00-6897-4327-95DE-1B3D406D43EB}.Release|Any CPU.ActiveCfg = Release|Any CPU
		{D15F9A00-6897-4327-95DE-1B3D406D43EB}.Release|Any CPU.Build.0 = Release|Any CPU
	EndGlobalSection
	GlobalSection(SolutionProperties) = preSolution
		HideSolutionNode = FALSE
	EndGlobalSection
	GlobalSection(ExtensibilityGlobals) = postSolution
		SolutionGuid = {C3B3E444-EB6D-4F84-83E3-20B8E6668F70}
	EndGlobalSection
EndGlobal
