
Microsoft Visual Studio Solution File, Format Version 12.00
# Visual Studio 15
VisualStudioVersion = 15.0.28307.705
MinimumVisualStudioVersion = 10.0.40219.1
Project("{9A19103F-16F7-4668-BE54-9A1E7A4F7556}") = "S3ToRekognitionLambda", "S3ToRekognitionLambda\S3ToRekognitionLambda.csproj", "{B09E713A-4084-46B5-9657-BC3953EE4EAA}"
EndProject
Global
	GlobalSection(SolutionConfigurationPlatforms) = preSolution
		Debug|Any CPU = Debug|Any CPU
		Release|Any CPU = Release|Any CPU
	EndGlobalSection
	GlobalSection(ProjectConfigurationPlatforms) = postSolution
		{B09E713A-4084-46B5-9657-BC3953EE4EAA}.Debug|Any CPU.ActiveCfg = Debug|Any CPU
		{B09E713A-4084-46B5-9657-BC3953EE4EAA}.Debug|Any CPU.Build.0 = Debug|Any CPU
		{B09E713A-4084-46B5-9657-BC3953EE4EAA}.Release|Any CPU.ActiveCfg = Release|Any CPU
		{B09E713A-4084-46B5-9657-BC3953EE4EAA}.Release|Any CPU.Build.0 = Release|Any CPU
	EndGlobalSection
	GlobalSection(SolutionProperties) = preSolution
		HideSolutionNode = FALSE
	EndGlobalSection
	GlobalSection(ExtensibilityGlobals) = postSolution
		SolutionGuid = {00E78C72-235C-4A15-8432-71C65E069D37}
	EndGlobalSection
EndGlobal
