
Microsoft Visual Studio Solution File, Format Version 12.00
# Visual Studio 15
VisualStudioVersion = 15.0.28307.705
MinimumVisualStudioVersion = 10.0.40219.1
Project("{9A19103F-16F7-4668-BE54-9A1E7A4F7556}") = "BlazegraphToPollyLambda", "BlazegraphToPollyLambda\BlazegraphToPollyLambda.csproj", "{F8E3F120-E5D7-401E-92E8-13AB991370F4}"
EndProject
Global
	GlobalSection(SolutionConfigurationPlatforms) = preSolution
		Debug|Any CPU = Debug|Any CPU
		Release|Any CPU = Release|Any CPU
	EndGlobalSection
	GlobalSection(ProjectConfigurationPlatforms) = postSolution
		{F8E3F120-E5D7-401E-92E8-13AB991370F4}.Debug|Any CPU.ActiveCfg = Debug|Any CPU
		{F8E3F120-E5D7-401E-92E8-13AB991370F4}.Debug|Any CPU.Build.0 = Debug|Any CPU
		{F8E3F120-E5D7-401E-92E8-13AB991370F4}.Release|Any CPU.ActiveCfg = Release|Any CPU
		{F8E3F120-E5D7-401E-92E8-13AB991370F4}.Release|Any CPU.Build.0 = Release|Any CPU
	EndGlobalSection
	GlobalSection(SolutionProperties) = preSolution
		HideSolutionNode = FALSE
	EndGlobalSection
	GlobalSection(ExtensibilityGlobals) = postSolution
		SolutionGuid = {BE86EC90-43D8-41C8-84C5-4C71B14DF3DE}
	EndGlobalSection
EndGlobal
