
Microsoft Visual Studio Solution File, Format Version 12.00
# Visual Studio 15
VisualStudioVersion = 15.0.28307.705
MinimumVisualStudioVersion = 10.0.40219.1
Project("{9A19103F-16F7-4668-BE54-9A1E7A4F7556}") = "BlazegraphWebApp", "BlazegraphWebApp\BlazegraphWebApp.csproj", "{32E64D64-E522-4C6F-9431-D0FADC65908A}"
EndProject
Global
	GlobalSection(SolutionConfigurationPlatforms) = preSolution
		Debug|Any CPU = Debug|Any CPU
		Release|Any CPU = Release|Any CPU
	EndGlobalSection
	GlobalSection(ProjectConfigurationPlatforms) = postSolution
		{32E64D64-E522-4C6F-9431-D0FADC65908A}.Debug|Any CPU.ActiveCfg = Debug|Any CPU
		{32E64D64-E522-4C6F-9431-D0FADC65908A}.Debug|Any CPU.Build.0 = Debug|Any CPU
		{32E64D64-E522-4C6F-9431-D0FADC65908A}.Release|Any CPU.ActiveCfg = Release|Any CPU
		{32E64D64-E522-4C6F-9431-D0FADC65908A}.Release|Any CPU.Build.0 = Release|Any CPU
	EndGlobalSection
	GlobalSection(SolutionProperties) = preSolution
		HideSolutionNode = FALSE
	EndGlobalSection
	GlobalSection(ExtensibilityGlobals) = postSolution
		SolutionGuid = {5AC5BEC1-518A-445B-9A18-A003D5459163}
	EndGlobalSection
EndGlobal
