
Microsoft Visual Studio Solution File, Format Version 12.00
# Visual Studio 15
VisualStudioVersion = 15.0.28307.705
MinimumVisualStudioVersion = 10.0.40219.1
Project("{9A19103F-16F7-4668-BE54-9A1E7A4F7556}") = "S3ComprehendToBlazegraphLambda", "S3ComprehendToBlazegraphLambda\S3ComprehendToBlazegraphLambda.csproj", "{FF0732B7-22C3-48DA-857A-55BCE610EB0E}"
EndProject
Global
	GlobalSection(SolutionConfigurationPlatforms) = preSolution
		Debug|Any CPU = Debug|Any CPU
		Release|Any CPU = Release|Any CPU
	EndGlobalSection
	GlobalSection(ProjectConfigurationPlatforms) = postSolution
		{FF0732B7-22C3-48DA-857A-55BCE610EB0E}.Debug|Any CPU.ActiveCfg = Debug|Any CPU
		{FF0732B7-22C3-48DA-857A-55BCE610EB0E}.Debug|Any CPU.Build.0 = Debug|Any CPU
		{FF0732B7-22C3-48DA-857A-55BCE610EB0E}.Release|Any CPU.ActiveCfg = Release|Any CPU
		{FF0732B7-22C3-48DA-857A-55BCE610EB0E}.Release|Any CPU.Build.0 = Release|Any CPU
	EndGlobalSection
	GlobalSection(SolutionProperties) = preSolution
		HideSolutionNode = FALSE
	EndGlobalSection
	GlobalSection(ExtensibilityGlobals) = postSolution
		SolutionGuid = {5E986766-1B8D-4020-95D1-DA30F41BD9F9}
	EndGlobalSection
EndGlobal
